Microsoft Visual Studio Solution File, Format Version 12.00
# Visual Studio Version 17
VisualStudioVersion = 17.5.2.0
MinimumVisualStudioVersion = 10.0.40219.1
Project("{FAE04EC0-301F-11D3-BF4B-00C04F79EFBC}") = "WebAppGeneratorId", "WebAppGeneratorId.csproj", "{E3AE457C-3393-FECD-B0F9-5C610B85FCDC}"
EndProject
Global
	GlobalSection(SolutionConfigurationPlatforms) = preSolution
		Debug|Any CPU = Debug|Any CPU
		Release|Any CPU = Release|Any CPU
	EndGlobalSection
	GlobalSection(ProjectConfigurationPlatforms) = postSolution
		{E3AE457C-3393-FECD-B0F9-5C610B85FCDC}.Debug|Any CPU.ActiveCfg = Debug|Any CPU
		{E3AE457C-3393-FECD-B0F9-5C610B85FCDC}.Debug|Any CPU.Build.0 = Debug|Any CPU
		{E3AE457C-3393-FECD-B0F9-5C610B85FCDC}.Release|Any CPU.ActiveCfg = Release|Any CPU
		{E3AE457C-3393-FECD-B0F9-5C610B85FCDC}.Release|Any CPU.Build.0 = Release|Any CPU
	EndGlobalSection
	GlobalSection(SolutionProperties) = preSolution
		HideSolutionNode = FALSE
	EndGlobalSection
	GlobalSection(ExtensibilityGlobals) = postSolution
		SolutionGuid = {849E21DB-41D9-4F91-95FC-F3CDC8F6A4D0}
	EndGlobalSection
EndGlobal
